{
  "name": "workflow_scripts",
  "version": "1.0.0",
  "lockfileVersion": 1,
  "requires": true,
  "dependencies": {
    "argparse": {
      "version": "1.0.10",
      "resolved": "https://registry.nlark.com/argparse/download/argparse-1.0.10.tgz",
      "integrity": "sha1-vNZ5HqWuCXJeF+WtmIE0zUCz2RE=",
      "requires": {
        "sprintf-js": "~1.0.2"
      }
    },
    "esprima": {
      "version": "4.0.1",
      "resolved": "https://registry.nlark.com/esprima/download/esprima-4.0.1.tgz",
      "integrity": "sha1-E7BM2z5sXRnfkatph6hpVhmwqnE="
    },
    "front-matter": {
      "version": "4.0.2",
      "resolved": "https://registry.nlark.com/front-matter/download/front-matter-4.0.2.tgz",
      "integrity": "sha1-sU5U3HRc/XKTSE8yENFepO3X9NU=",
      "requires": {
        "js-yaml": "^3.13.1"
      }
    },
    "js-yaml": {
      "version": "3.14.1",
      "resolved": "https://registry.nlark.com/js-yaml/download/js-yaml-3.14.1.tgz?cache=0&sync_timestamp=1624607946901&other_urls=https%3A%2F%2Fregistry.nlark.com%2Fjs-yaml%2Fdownload%2Fjs-yaml-3.14.1.tgz",
      "integrity": "sha1-2ugS/bOCX6MGYJqHFzg8UMNqBTc=",
      "requires": {
        "argparse": "^1.0.7",
        "esprima": "^4.0.0"
      }
    },
    "sprintf-js": {
      "version": "1.0.3",
      "resolved": "https://registry.nlark.com/sprintf-js/download/sprintf-js-1.0.3.tgz",
      "integrity": "sha1-BOaSb2YolTVPPdAVIDYzuFcpfiw="
    }
  }
}
